{
    "name": "@github/copilot-language-server",
    "version": "1.486.0",
    "lockfileVersion": 3,
    "requires": true,
    "packages": {
        "": {
            "name": "@github/copilot-language-server",
            "version": "1.486.0",
            "license": "MIT",
            "dependencies": {
                "vscode-languageserver-protocol": "^3.17.5"
            },
            "bin": {
                "copilot-language-server": "dist/language-server.js"
            },
            "optionalDependencies": {
                "@github/copilot-language-server-darwin-arm64": "1.486.0",
                "@github/copilot-language-server-darwin-x64": "1.486.0",
                "@github/copilot-language-server-linux-arm64": "1.486.0",
                "@github/copilot-language-server-linux-x64": "1.486.0",
                "@github/copilot-language-server-win32-arm64": "1.486.0",
                "@github/copilot-language-server-win32-x64": "1.486.0"
            }
        },
        "node_modules/@github/copilot-language-server-darwin-arm64": {
            "version": "1.486.0",
            "resolved": "https://registry.npmjs.org/@github/copilot-language-server-darwin-arm64/-/copilot-language-server-darwin-arm64-1.486.0.tgz",
            "integrity": "sha512-EbXQYp4AhUymA6amtrrQnqQ/Gn0SMPFQ8jbkNDGJC44u11oIRKMFCgDKfqWB9a0O2zmZA2sT8S+IBrx6xMGcuQ==",
            "cpu": [
                "arm64"
            ],
            "license": "MIT",
            "optional": true,
            "os": [
                "darwin"
            ]
        },
        "node_modules/@github/copilot-language-server-darwin-x64": {
            "version": "1.486.0",
            "resolved": "https://registry.npmjs.org/@github/copilot-language-server-darwin-x64/-/copilot-language-server-darwin-x64-1.486.0.tgz",
            "integrity": "sha512-zjwgW3hm1ZvuLs6Fj+9FZXA3+tpyVn/fCMsqHbJHwZcL7bUFVxnTBef0ksyN7Nvfc5SZ2w30vKx4zg9UVWDPpg==",
            "cpu": [
                "x64"
            ],
            "license": "MIT",
            "optional": true,
            "os": [
                "darwin"
            ]
        },
        "node_modules/@github/copilot-language-server-linux-arm64": {
            "version": "1.486.0",
            "resolved": "https://registry.npmjs.org/@github/copilot-language-server-linux-arm64/-/copilot-language-server-linux-arm64-1.486.0.tgz",
            "integrity": "sha512-hj3mBOl/Ta7TYp/2KA1VT74fb864GJ/wxYA7g8RRa4EhpHgPDHYWlYNcJqPDYJkbEhaTNxlSF24dk+G5VsOOyA==",
            "cpu": [
                "arm64"
            ],
            "license": "MIT",
            "optional": true,
            "os": [
                "linux"
            ]
        },
        "node_modules/@github/copilot-language-server-linux-x64": {
            "version": "1.486.0",
            "resolved": "https://registry.npmjs.org/@github/copilot-language-server-linux-x64/-/copilot-language-server-linux-x64-1.486.0.tgz",
            "integrity": "sha512-ixKYwos7g9WJSr58TUpz2yKUSzGwkMY9eaPtYoL43VCdiCD47+q5XXUVLYg3PpUqqvVn7NuXIvE9pHNhbnYxMw==",
            "cpu": [
                "x64"
            ],
            "license": "MIT",
            "optional": true,
            "os": [
                "linux"
            ]
        },
        "node_modules/@github/copilot-language-server-win32-arm64": {
            "version": "1.486.0",
            "resolved": "https://registry.npmjs.org/@github/copilot-language-server-win32-arm64/-/copilot-language-server-win32-arm64-1.486.0.tgz",
            "integrity": "sha512-9OE3LJKNm92c/kRfJ4pibllr9YnsO+9LCpcc1Zf1bhS/5z5n/bMfqxB7ap1CSa5sjmMbAIjG22ChorrAn4StPA==",
            "cpu": [
                "arm64"
            ],
            "license": "MIT",
            "optional": true,
            "os": [
                "win32"
            ]
        },
        "node_modules/@github/copilot-language-server-win32-x64": {
            "version": "1.486.0",
            "resolved": "https://registry.npmjs.org/@github/copilot-language-server-win32-x64/-/copilot-language-server-win32-x64-1.486.0.tgz",
            "integrity": "sha512-smHo8dJleZZQfMR3+gHG9TJucCY04OrAERg+xNWl3LHXv1+lFa1mLD9pjGh+dGqImBi3YYD329q3ETlh6ZGQtQ==",
            "cpu": [
                "x64"
            ],
            "license": "MIT",
            "optional": true,
            "os": [
                "win32"
            ]
        },
        "node_modules/vscode-jsonrpc": {
            "version": "8.2.0",
            "resolved": "https://registry.npmjs.org/vscode-jsonrpc/-/vscode-jsonrpc-8.2.0.tgz",
            "integrity": "sha512-C+r0eKJUIfiDIfwJhria30+TYWPtuHJXHtI7J0YlOmKAo7ogxP20T0zxB7HZQIFhIyvoBPwWskjxrvAtfjyZfA==",
            "license": "MIT",
            "engines": {
                "node": ">=14.0.0"
            }
        },
        "node_modules/vscode-languageserver-protocol": {
            "version": "3.17.5",
            "resolved": "https://registry.npmjs.org/vscode-languageserver-protocol/-/vscode-languageserver-protocol-3.17.5.tgz",
            "integrity": "sha512-mb1bvRJN8SVznADSGWM9u/b07H7Ecg0I3OgXDuLdn307rl/J3A9YD6/eYOssqhecL27hK1IPZAsaqh00i/Jljg==",
            "license": "MIT",
            "dependencies": {
                "vscode-jsonrpc": "8.2.0",
                "vscode-languageserver-types": "3.17.5"
            }
        },
        "node_modules/vscode-languageserver-types": {
            "version": "3.17.5",
            "resolved": "https://registry.npmjs.org/vscode-languageserver-types/-/vscode-languageserver-types-3.17.5.tgz",
            "integrity": "sha512-Ld1VelNuX9pdF39h2Hgaeb5hEZM2Z3jUrrMgWQAu82jMtZp7p3vJT3BzToKtZI7NgQssZje5o0zryOrhQvzQAg==",
            "license": "MIT"
        }
    }
}
