{
    "name": "@github/copilot-language-server",
    "version": "1.508.0",
    "lockfileVersion": 3,
    "requires": true,
    "packages": {
        "": {
            "name": "@github/copilot-language-server",
            "version": "1.508.0",
            "license": "MIT",
            "dependencies": {
                "vscode-languageserver-protocol": "^3.17.5"
            },
            "bin": {
                "copilot-language-server": "dist/language-server.js"
            },
            "optionalDependencies": {
                "@github/copilot-language-server-darwin-arm64": "1.508.0",
                "@github/copilot-language-server-darwin-x64": "1.508.0",
                "@github/copilot-language-server-linux-arm64": "1.508.0",
                "@github/copilot-language-server-linux-x64": "1.508.0",
                "@github/copilot-language-server-win32-arm64": "1.508.0",
                "@github/copilot-language-server-win32-x64": "1.508.0"
            }
        },
        "node_modules/@github/copilot-language-server-darwin-arm64": {
            "version": "1.508.0",
            "resolved": "https://registry.npmjs.org/@github/copilot-language-server-darwin-arm64/-/copilot-language-server-darwin-arm64-1.508.0.tgz",
            "integrity": "sha512-wq3BhQ0VQv081BtpEGCEwWQLZvKAhRf1cDJRBD5TeqQ9CpFHFH/yPOhaXAkPHZH6L75V8kb3SnVDSYleduQ0oQ==",
            "cpu": [
                "arm64"
            ],
            "license": "MIT",
            "optional": true,
            "os": [
                "darwin"
            ]
        },
        "node_modules/@github/copilot-language-server-darwin-x64": {
            "version": "1.508.0",
            "resolved": "https://registry.npmjs.org/@github/copilot-language-server-darwin-x64/-/copilot-language-server-darwin-x64-1.508.0.tgz",
            "integrity": "sha512-chulwNZgRbzZGZC0E7YBjeTidILWXSzYRAd7iZ255sdJX0aWGdknhxag2nzCSdLyNF36wejSlEGxwr7xZOfzJg==",
            "cpu": [
                "x64"
            ],
            "license": "MIT",
            "optional": true,
            "os": [
                "darwin"
            ]
        },
        "node_modules/@github/copilot-language-server-linux-arm64": {
            "version": "1.508.0",
            "resolved": "https://registry.npmjs.org/@github/copilot-language-server-linux-arm64/-/copilot-language-server-linux-arm64-1.508.0.tgz",
            "integrity": "sha512-Ste/BAmXWmC+Rp2Hdt7Kq0xVtR1EquIzIhnNwadMH77NWxL4bYjGmLZxG8O6D2swOyYL+mEEHc7gbUbskAT4LQ==",
            "cpu": [
                "arm64"
            ],
            "license": "MIT",
            "optional": true,
            "os": [
                "linux"
            ]
        },
        "node_modules/@github/copilot-language-server-linux-x64": {
            "version": "1.508.0",
            "resolved": "https://registry.npmjs.org/@github/copilot-language-server-linux-x64/-/copilot-language-server-linux-x64-1.508.0.tgz",
            "integrity": "sha512-psCFYNFicmd9X4ZnhbyUqKsWtolg/SOP6fs2THzf3JLaWMcf00peW2j/IcP9Jiiyrk/vYWFVn6/yZ5Bd6Ps6dw==",
            "cpu": [
                "x64"
            ],
            "license": "MIT",
            "optional": true,
            "os": [
                "linux"
            ]
        },
        "node_modules/@github/copilot-language-server-win32-arm64": {
            "version": "1.508.0",
            "resolved": "https://registry.npmjs.org/@github/copilot-language-server-win32-arm64/-/copilot-language-server-win32-arm64-1.508.0.tgz",
            "integrity": "sha512-a2AqLUPd79L5xJZVM1Xmiu4CP+m6J+Np977cO6A4SJx38zaVY4VxirmCb3OtuZend5IPTnG8IJLQnLUdAwBqtw==",
            "cpu": [
                "arm64"
            ],
            "license": "MIT",
            "optional": true,
            "os": [
                "win32"
            ]
        },
        "node_modules/@github/copilot-language-server-win32-x64": {
            "version": "1.508.0",
            "resolved": "https://registry.npmjs.org/@github/copilot-language-server-win32-x64/-/copilot-language-server-win32-x64-1.508.0.tgz",
            "integrity": "sha512-MPZfmSvMzkg8cG/TVoDnLmBLEuCwu+2YQDsMvR3wZ5xid01ZgGyZDTczZPel7TKwGzbDJox1ZkK21ROxsdPwMw==",
            "cpu": [
                "x64"
            ],
            "license": "MIT",
            "optional": true,
            "os": [
                "win32"
            ]
        },
        "node_modules/vscode-jsonrpc": {
            "version": "9.0.0",
            "resolved": "https://registry.npmjs.org/vscode-jsonrpc/-/vscode-jsonrpc-9.0.0.tgz",
            "integrity": "sha512-+VvMmQPJhtvJ+8O+zu2JKIRiLxXF8NW7krWgyMGeOHrp4Cn23T5hc0v2LknNeopDOB70wghHAds7mKtcZ0I4Sg==",
            "license": "MIT",
            "engines": {
                "node": ">=14.0.0"
            }
        },
        "node_modules/vscode-languageserver-protocol": {
            "version": "3.18.0",
            "resolved": "https://registry.npmjs.org/vscode-languageserver-protocol/-/vscode-languageserver-protocol-3.18.0.tgz",
            "integrity": "sha512-Zdz+kJ12Iz6tc11xfZyEo501bBATHXrCjmMfnaR3pMnf1CoqZBKIynba3P+/bi9VEdrMbNtAVKYpKhbODvqy+Q==",
            "license": "MIT",
            "dependencies": {
                "vscode-jsonrpc": "9.0.0",
                "vscode-languageserver-types": "3.18.0"
            }
        },
        "node_modules/vscode-languageserver-types": {
            "version": "3.18.0",
            "resolved": "https://registry.npmjs.org/vscode-languageserver-types/-/vscode-languageserver-types-3.18.0.tgz",
            "integrity": "sha512-8TsGPNMIMiiBdkORgRSvLjuiEIiAFtO+KssmYWxQ+uSVvlf7RjK8YKCOjPzZ+YA04jXEV7+7LvkSmHkhpNS99g==",
            "license": "MIT"
        }
    }
}
