{
    "name": "@github/copilot-language-server",
    "version": "1.518.0",
    "lockfileVersion": 3,
    "requires": true,
    "packages": {
        "": {
            "name": "@github/copilot-language-server",
            "version": "1.518.0",
            "license": "MIT",
            "dependencies": {
                "vscode-languageserver-protocol": "^3.17.5"
            },
            "bin": {
                "copilot-language-server": "dist/language-server.js"
            },
            "optionalDependencies": {
                "@github/copilot-language-server-darwin-arm64": "1.518.0",
                "@github/copilot-language-server-darwin-x64": "1.518.0",
                "@github/copilot-language-server-linux-arm64": "1.518.0",
                "@github/copilot-language-server-linux-x64": "1.518.0",
                "@github/copilot-language-server-win32-arm64": "1.518.0",
                "@github/copilot-language-server-win32-x64": "1.518.0"
            }
        },
        "node_modules/@github/copilot-language-server-darwin-arm64": {
            "version": "1.518.0",
            "resolved": "https://registry.npmjs.org/@github/copilot-language-server-darwin-arm64/-/copilot-language-server-darwin-arm64-1.518.0.tgz",
            "integrity": "sha512-atMpuz7+DxoMcNAsfdmTiIRkjGHvLFq4EkmHxFlyFrCgD8U1No8XJvT94p9hcRn37ikBwBaJalA2ZmJpeHW2RQ==",
            "cpu": [
                "arm64"
            ],
            "license": "MIT",
            "optional": true,
            "os": [
                "darwin"
            ]
        },
        "node_modules/@github/copilot-language-server-darwin-x64": {
            "version": "1.518.0",
            "resolved": "https://registry.npmjs.org/@github/copilot-language-server-darwin-x64/-/copilot-language-server-darwin-x64-1.518.0.tgz",
            "integrity": "sha512-LXioWiyXJaKPxpuh/0hqdGAZwWpcCjk9M92qH/bcZg1bFrxowYzunNXxqqT8g1KkYOg61DSwQFjG/ptdxIKHiw==",
            "cpu": [
                "x64"
            ],
            "license": "MIT",
            "optional": true,
            "os": [
                "darwin"
            ]
        },
        "node_modules/@github/copilot-language-server-linux-arm64": {
            "version": "1.518.0",
            "resolved": "https://registry.npmjs.org/@github/copilot-language-server-linux-arm64/-/copilot-language-server-linux-arm64-1.518.0.tgz",
            "integrity": "sha512-ipDQz+JJUfOXqprVWFmKe4GtZKr4e35EAQCasuhAp60zBp4XNfVKJFSoclIvTe5VfhzBSebJUztGWIgIoqbGKA==",
            "cpu": [
                "arm64"
            ],
            "license": "MIT",
            "optional": true,
            "os": [
                "linux"
            ]
        },
        "node_modules/@github/copilot-language-server-linux-x64": {
            "version": "1.518.0",
            "resolved": "https://registry.npmjs.org/@github/copilot-language-server-linux-x64/-/copilot-language-server-linux-x64-1.518.0.tgz",
            "integrity": "sha512-ZgALfbq33IpDSrR7lnLQeBqDlzKPWQlBaD9jQ24Z6fmTo87oWBQnTYS8yjU0LRscRloGJHhmSBm462E3Jgpcew==",
            "cpu": [
                "x64"
            ],
            "license": "MIT",
            "optional": true,
            "os": [
                "linux"
            ]
        },
        "node_modules/@github/copilot-language-server-win32-arm64": {
            "version": "1.518.0",
            "resolved": "https://registry.npmjs.org/@github/copilot-language-server-win32-arm64/-/copilot-language-server-win32-arm64-1.518.0.tgz",
            "integrity": "sha512-TvtN+U+2wizVyvCSM1AH3dQS9fYM0BiIbdi6YqjMO3kO+QpLdgvzlWjxpPgbgijN7/L71FPy9M8427Wz4AS2wA==",
            "cpu": [
                "arm64"
            ],
            "license": "MIT",
            "optional": true,
            "os": [
                "win32"
            ]
        },
        "node_modules/@github/copilot-language-server-win32-x64": {
            "version": "1.518.0",
            "resolved": "https://registry.npmjs.org/@github/copilot-language-server-win32-x64/-/copilot-language-server-win32-x64-1.518.0.tgz",
            "integrity": "sha512-jUNK7nm9tDTcT47987Kp9Tefykce/o4KpTmTcAkG4hReV7utSDeOv/CRDjNFUzdzQgdQ6vdz5Jg+LL+TxEy+lw==",
            "cpu": [
                "x64"
            ],
            "license": "MIT",
            "optional": true,
            "os": [
                "win32"
            ]
        },
        "node_modules/vscode-jsonrpc": {
            "version": "9.0.1",
            "resolved": "https://registry.npmjs.org/vscode-jsonrpc/-/vscode-jsonrpc-9.0.1.tgz",
            "integrity": "sha512-rfuA6T75H6m5EkbhtEPzre9pT0HPcDI2MMy4+nPFIBks5J8JBAUHD4tRYSgaBOijIEC7SRkC1kKyXTLqbmh9jw==",
            "license": "MIT",
            "engines": {
                "node": ">=14.0.0"
            }
        },
        "node_modules/vscode-languageserver-protocol": {
            "version": "3.18.2",
            "resolved": "https://registry.npmjs.org/vscode-languageserver-protocol/-/vscode-languageserver-protocol-3.18.2.tgz",
            "integrity": "sha512-XRyDbT0Pp3sSNti3JmxVEUMySWCSi1hhM+/KUlCy1hV1zmrqpM1OwO12EAki8blhmLuIMpaJrYbo0OzGVfK2Qg==",
            "license": "MIT",
            "dependencies": {
                "vscode-jsonrpc": "9.0.1",
                "vscode-languageserver-types": "3.18.0"
            }
        },
        "node_modules/vscode-languageserver-types": {
            "version": "3.18.0",
            "resolved": "https://registry.npmjs.org/vscode-languageserver-types/-/vscode-languageserver-types-3.18.0.tgz",
            "integrity": "sha512-8TsGPNMIMiiBdkORgRSvLjuiEIiAFtO+KssmYWxQ+uSVvlf7RjK8YKCOjPzZ+YA04jXEV7+7LvkSmHkhpNS99g==",
            "license": "MIT"
        }
    }
}
